// !$*UTF8*$!
{
	archiveVersion = 1;
	classes = {
	};
	objectVersion = 51;
	objects = {

/* Begin PBXBuildFile section */
		42321313255A42CD00131500 /* TimeLineViewModel.swift in Sources */ = {isa = PBXBuildFile; fileRef = 42321312255A42CD00131500 /* TimeLineViewModel.swift */; };
		424E1165251466D10090387F /* AppDelegate.swift in Sources */ = {isa = PBXBuildFile; fileRef = 424E1164251466D10090387F /* AppDelegate.swift */; };
		424E1169251466D20090387F /* MainController.swift in Sources */ = {isa = PBXBuildFile; fileRef = 424E1168251466D20090387F /* MainController.swift */; };
		424E116C251466D20090387F /* Main.storyboard in Resources */ = {isa = PBXBuildFile; fileRef = 424E116A251466D20090387F /* Main.storyboard */; };
		424E116E251466DC0090387F /* Assets.xcassets in Resources */ = {isa = PBXBuildFile; fileRef = 424E116D251466DC0090387F /* Assets.xcassets */; };
		424E1171251466DC0090387F /* LaunchScreen.storyboard in Resources */ = {isa = PBXBuildFile; fileRef = 424E116F251466DC0090387F /* LaunchScreen.storyboard */; };
		424E119C251482190090387F /* CCViewController.swift in Sources */ = {isa = PBXBuildFile; fileRef = 424E119B251482190090387F /* CCViewController.swift */; };
		424E119E251482ED0090387F /* CCNaviView.swift in Sources */ = {isa = PBXBuildFile; fileRef = 424E119D251482ED0090387F /* CCNaviView.swift */; };
		424E11A0251483360090387F /* CCDevice.swift in Sources */ = {isa = PBXBuildFile; fileRef = 424E119F251483360090387F /* CCDevice.swift */; };
		424E11A2251484350090387F /* CCView.swift in Sources */ = {isa = PBXBuildFile; fileRef = 424E11A1251484350090387F /* CCView.swift */; };
		424E11A42514855F0090387F /* CCHelper.swift in Sources */ = {isa = PBXBuildFile; fileRef = 424E11A32514855F0090387F /* CCHelper.swift */; };
		424E11A6251487C90090387F /* UIView+Frame.swift in Sources */ = {isa = PBXBuildFile; fileRef = 424E11A5251487C90090387F /* UIView+Frame.swift */; };
		424E11A825148D990090387F /* CCViewControllerWrapper.swift in Sources */ = {isa = PBXBuildFile; fileRef = 424E11A725148D990090387F /* CCViewControllerWrapper.swift */; };
		424E11AA251498100090387F /* UILabel+.swift in Sources */ = {isa = PBXBuildFile; fileRef = 424E11A9251498100090387F /* UILabel+.swift */; };
		424E11AC251498910090387F /* CCButton.swift in Sources */ = {isa = PBXBuildFile; fileRef = 424E11AB251498910090387F /* CCButton.swift */; };
		424E11AE25149CA80090387F /* TimeLineController.swift in Sources */ = {isa = PBXBuildFile; fileRef = 424E11AD25149CA80090387F /* TimeLineController.swift */; };
		424E11B025149D130090387F /* CCTableView.swift in Sources */ = {isa = PBXBuildFile; fileRef = 424E11AF25149D130090387F /* CCTableView.swift */; };
		424E11B225149F980090387F /* CCTableController.swift in Sources */ = {isa = PBXBuildFile; fileRef = 424E11B125149F980090387F /* CCTableController.swift */; };
		424E11B425149FFE0090387F /* CCTableWrapper.swift in Sources */ = {isa = PBXBuildFile; fileRef = 424E11B325149FFE0090387F /* CCTableWrapper.swift */; };
		424E11B62514A03C0090387F /* CCItem.swift in Sources */ = {isa = PBXBuildFile; fileRef = 424E11B52514A03C0090387F /* CCItem.swift */; };
		424E11B82514A0EF0090387F /* CCTableViewCell.swift in Sources */ = {isa = PBXBuildFile; fileRef = 424E11B72514A0EF0090387F /* CCTableViewCell.swift */; };
		424E11BA2514A2950090387F /* CCTableReusableView.swift in Sources */ = {isa = PBXBuildFile; fileRef = 424E11B92514A2950090387F /* CCTableReusableView.swift */; };
		42DC3C90251889C5005097CF /* Api.swift in Sources */ = {isa = PBXBuildFile; fileRef = 42DC3C8F251889C5005097CF /* Api.swift */; };
		42DC3C992518945A005097CF /* TimeLineApi.swift in Sources */ = {isa = PBXBuildFile; fileRef = 42DC3C982518945A005097CF /* TimeLineApi.swift */; };
		42DC3CA525189ADA005097CF /* TimeLineModel.swift in Sources */ = {isa = PBXBuildFile; fileRef = 42DC3CA425189ADA005097CF /* TimeLineModel.swift */; };
		4BD3EAE106C9C9BE6BE4EAD1 /* Pods_timeLine.framework in Frameworks */ = {isa = PBXBuildFile; fileRef = 4EAE4D7CC16FA1D1A6B359B2 /* Pods_timeLine.framework */; };
/* End PBXBuildFile section */

/* Begin PBXFileReference section */
		42321312255A42CD00131500 /* TimeLineViewModel.swift */ = {isa = PBXFileReference; lastKnownFileType = sourcecode.swift; path = TimeLineViewModel.swift; sourceTree = "<group>"; };
		424E1161251466D10090387F /* timeLine.app */ = {isa = PBXFileReference; explicitFileType = wrapper.application; includeInIndex = 0; path = timeLine.app; sourceTree = BUILT_PRODUCTS_DIR; };
		424E1164251466D10090387F /* AppDelegate.swift */ = {isa = PBXFileReference; lastKnownFileType = sourcecode.swift; path = AppDelegate.swift; sourceTree = "<group>"; };
		424E1168251466D20090387F /* MainController.swift */ = {isa = PBXFileReference; lastKnownFileType = sourcecode.swift; path = MainController.swift; sourceTree = "<group>"; };
		424E116B251466D20090387F /* Base */ = {isa = PBXFileReference; lastKnownFileType = file.storyboard; name = Base; path = Base.lproj/Main.storyboard; sourceTree = "<group>"; };
		424E116D251466DC0090387F /* Assets.xcassets */ = {isa = PBXFileReference; lastKnownFileType = folder.assetcatalog; path = Assets.xcassets; sourceTree = "<group>"; };
		424E1170251466DC0090387F /* Base */ = {isa = PBXFileReference; lastKnownFileType = file.storyboard; name = Base; path = Base.lproj/LaunchScreen.storyboard; sourceTree = "<group>"; };
		424E1172251466DC0090387F /* Info.plist */ = {isa = PBXFileReference; lastKnownFileType = text.plist.xml; path = Info.plist; sourceTree = "<group>"; };
		424E119B251482190090387F /* CCViewController.swift */ = {isa = PBXFileReference; lastKnownFileType = sourcecode.swift; path = CCViewController.swift; sourceTree = "<group>"; };
		424E119D251482ED0090387F /* CCNaviView.swift */ = {isa = PBXFileReference; lastKnownFileType = sourcecode.swift; path = CCNaviView.swift; sourceTree = "<group>"; };
		424E119F251483360090387F /* CCDevice.swift */ = {isa = PBXFileReference; lastKnownFileType = sourcecode.swift; path = CCDevice.swift; sourceTree = "<group>"; };
		424E11A1251484350090387F /* CCView.swift */ = {isa = PBXFileReference; lastKnownFileType = sourcecode.swift; path = CCView.swift; sourceTree = "<group>"; };
		424E11A32514855F0090387F /* CCHelper.swift */ = {isa = PBXFileReference; lastKnownFileType = sourcecode.swift; path = CCHelper.swift; sourceTree = "<group>"; };
		424E11A5251487C90090387F /* UIView+Frame.swift */ = {isa = PBXFileReference; lastKnownFileType = sourcecode.swift; path = "UIView+Frame.swift"; sourceTree = "<group>"; };
		424E11A725148D990090387F /* CCViewControllerWrapper.swift */ = {isa = PBXFileReference; lastKnownFileType = sourcecode.swift; path = CCViewControllerWrapper.swift; sourceTree = "<group>"; };
		424E11A9251498100090387F /* UILabel+.swift */ = {isa = PBXFileReference; lastKnownFileType = sourcecode.swift; path = "UILabel+.swift"; sourceTree = "<group>"; };
		424E11AB251498910090387F /* CCButton.swift */ = {isa = PBXFileReference; lastKnownFileType = sourcecode.swift; path = CCButton.swift; sourceTree = "<group>"; };
		424E11AD25149CA80090387F /* TimeLineController.swift */ = {isa = PBXFileReference; lastKnownFileType = sourcecode.swift; path = TimeLineController.swift; sourceTree = "<group>"; };
		424E11AF25149D130090387F /* CCTableView.swift */ = {isa = PBXFileReference; lastKnownFileType = sourcecode.swift; path = CCTableView.swift; sourceTree = "<group>"; };
		424E11B125149F980090387F /* CCTableController.swift */ = {isa = PBXFileReference; lastKnownFileType = sourcecode.swift; path = CCTableController.swift; sourceTree = "<group>"; };
		424E11B325149FFE0090387F /* CCTableWrapper.swift */ = {isa = PBXFileReference; lastKnownFileType = sourcecode.swift; path = CCTableWrapper.swift; sourceTree = "<group>"; };
		424E11B52514A03C0090387F /* CCItem.swift */ = {isa = PBXFileReference; lastKnownFileType = sourcecode.swift; path = CCItem.swift; sourceTree = "<group>"; };
		424E11B72514A0EF0090387F /* CCTableViewCell.swift */ = {isa = PBXFileReference; lastKnownFileType = sourcecode.swift; path = CCTableViewCell.swift; sourceTree = "<group>"; };
		424E11B92514A2950090387F /* CCTableReusableView.swift */ = {isa = PBXFileReference; lastKnownFileType = sourcecode.swift; path = CCTableReusableView.swift; sourceTree = "<group>"; };
		42DC3C8F251889C5005097CF /* Api.swift */ = {isa = PBXFileReference; lastKnownFileType = sourcecode.swift; path = Api.swift; sourceTree = "<group>"; };
		42DC3C982518945A005097CF /* TimeLineApi.swift */ = {isa = PBXFileReference; lastKnownFileType = sourcecode.swift; path = TimeLineApi.swift; sourceTree = "<group>"; };
		42DC3CA425189ADA005097CF /* TimeLineModel.swift */ = {isa = PBXFileReference; lastKnownFileType = sourcecode.swift; path = TimeLineModel.swift; sourceTree = "<group>"; };
		4EAE4D7CC16FA1D1A6B359B2 /* Pods_timeLine.framework */ = {isa = PBXFileReference; explicitFileType = wrapper.framework; includeInIndex = 0; path = Pods_timeLine.framework; sourceTree = BUILT_PRODUCTS_DIR; };
		A37F5DA93563EC2332667414 /* Pods-timeLine.debug.xcconfig */ = {isa = PBXFileReference; includeInIndex = 1; lastKnownFileType = text.xcconfig; name = "Pods-timeLine.debug.xcconfig"; path = "Target Support Files/Pods-timeLine/Pods-timeLine.debug.xcconfig"; sourceTree = "<group>"; };
		EF8C11839E9ADFC9B9402F32 /* Pods-timeLine.release.xcconfig */ = {isa = PBXFileReference; includeInIndex = 1; lastKnownFileType = text.xcconfig; name = "Pods-timeLine.release.xcconfig"; path = "Target Support Files/Pods-timeLine/Pods-timeLine.release.xcconfig"; sourceTree = "<group>"; };
/* End PBXFileReference section */

/* Begin PBXFrameworksBuildPhase section */
		424E115E251466D10090387F /* Frameworks */ = {
			isa = PBXFrameworksBuildPhase;
			buildActionMask = 2147483647;
			files = (
				4BD3EAE106C9C9BE6BE4EAD1 /* Pods_timeLine.framework in Frameworks */,
			);
			runOnlyForDeploymentPostprocessing = 0;
		};
/* End PBXFrameworksBuildPhase section */

/* Begin PBXGroup section */
		137933FBBB8283871F643DC3 /* Pods */ = {
			isa = PBXGroup;
			children = (
				A37F5DA93563EC2332667414 /* Pods-timeLine.debug.xcconfig */,
				EF8C11839E9ADFC9B9402F32 /* Pods-timeLine.release.xcconfig */,
			);
			path = Pods;
			sourceTree = "<group>";
		};
		424E1158251466D10090387F = {
			isa = PBXGroup;
			children = (
				424E1163251466D10090387F /* timeLine */,
				424E1162251466D10090387F /* Products */,
				137933FBBB8283871F643DC3 /* Pods */,
				C8ABC3ABB651450FAE68CCE6 /* Frameworks */,
			);
			sourceTree = "<group>";
		};
		424E1162251466D10090387F /* Products */ = {
			isa = PBXGroup;
			children = (
				424E1161251466D10090387F /* timeLine.app */,
			);
			name = Products;
			sourceTree = "<group>";
		};
		424E1163251466D10090387F /* timeLine */ = {
			isa = PBXGroup;
			children = (
				424E1198251481420090387F /* Base */,
				424E1164251466D10090387F /* AppDelegate.swift */,
				424E1168251466D20090387F /* MainController.swift */,
				42DC3CA425189ADA005097CF /* TimeLineModel.swift */,
				42DC3C8F251889C5005097CF /* Api.swift */,
				42DC3C982518945A005097CF /* TimeLineApi.swift */,
				424E116A251466D20090387F /* Main.storyboard */,
				424E116D251466DC0090387F /* Assets.xcassets */,
				424E116F251466DC0090387F /* LaunchScreen.storyboard */,
				424E1172251466DC0090387F /* Info.plist */,
				42321312255A42CD00131500 /* TimeLineViewModel.swift */,
				424E11AD25149CA80090387F /* TimeLineController.swift */,
			);
			path = timeLine;
			sourceTree = "<group>";
		};
		424E1198251481420090387F /* Base */ = {
			isa = PBXGroup;
			children = (
				424E119B251482190090387F /* CCViewController.swift */,
				424E11A725148D990090387F /* CCViewControllerWrapper.swift */,
				424E119F251483360090387F /* CCDevice.swift */,
				424E11A1251484350090387F /* CCView.swift */,
				424E119D251482ED0090387F /* CCNaviView.swift */,
				424E11A32514855F0090387F /* CCHelper.swift */,
				424E11A5251487C90090387F /* UIView+Frame.swift */,
				424E11A9251498100090387F /* UILabel+.swift */,
				424E11AB251498910090387F /* CCButton.swift */,
				424E11AF25149D130090387F /* CCTableView.swift */,
				424E11B125149F980090387F /* CCTableController.swift */,
				424E11B72514A0EF0090387F /* CCTableViewCell.swift */,
				424E11B325149FFE0090387F /* CCTableWrapper.swift */,
				424E11B52514A03C0090387F /* CCItem.swift */,
				424E11B92514A2950090387F /* CCTableReusableView.swift */,
			);
			path = Base;
			sourceTree = "<group>";
		};
		C8ABC3ABB651450FAE68CCE6 /* Frameworks */ = {
			isa = PBXGroup;
			children = (
				4EAE4D7CC16FA1D1A6B359B2 /* Pods_timeLine.framework */,
			);
			name = Frameworks;
			sourceTree = "<group>";
		};
/* End PBXGroup section */

/* Begin PBXNativeTarget section */
		424E1160251466D10090387F /* timeLine */ = {
			isa = PBXNativeTarget;
			buildConfigurationList = 424E118B251466DC0090387F /* Build configuration list for PBXNativeTarget "timeLine" */;
			buildPhases = (
				3774B49808B07D4FAAD7BA32 /* [CP] Check Pods Manifest.lock */,
				424E115D251466D10090387F /* Sources */,
				424E115E251466D10090387F /* Frameworks */,
				424E115F251466D10090387F /* Resources */,
				1717310C1960B1F3B7E2683C /* [CP] Embed Pods Frameworks */,
			);
			buildRules = (
			);
			dependencies = (
			);
			name = timeLine;
			productName = timeLine;
			productReference = 424E1161251466D10090387F /* timeLine.app */;
			productType = "com.apple.product-type.application";
		};
/* End PBXNativeTarget section */

/* Begin PBXProject section */
		424E1159251466D10090387F /* Project object */ = {
			isa = PBXProject;
			attributes = {
				LastSwiftUpdateCheck = 1170;
				LastUpgradeCheck = 1170;
				ORGANIZATIONNAME = stormVCC;
				TargetAttributes = {
					424E1160251466D10090387F = {
						CreatedOnToolsVersion = 11.7;
					};
				};
			};
			buildConfigurationList = 424E115C251466D10090387F /* Build configuration list for PBXProject "timeLine" */;
			compatibilityVersion = "Xcode 9.3";
			developmentRegion = en;
			hasScannedForEncodings = 0;
			knownRegions = (
				en,
				Base,
			);
			mainGroup = 424E1158251466D10090387F;
			productRefGroup = 424E1162251466D10090387F /* Products */;
			projectDirPath = "";
			projectRoot = "";
			targets = (
				424E1160251466D10090387F /* timeLine */,
			);
		};
/* End PBXProject section */

/* Begin PBXResourcesBuildPhase section */
		424E115F251466D10090387F /* Resources */ = {
			isa = PBXResourcesBuildPhase;
			buildActionMask = 2147483647;
			files = (
				424E1171251466DC0090387F /* LaunchScreen.storyboard in Resources */,
				424E116E251466DC0090387F /* Assets.xcassets in Resources */,
				424E116C251466D20090387F /* Main.storyboard in Resources */,
			);
			runOnlyForDeploymentPostprocessing = 0;
		};
/* End PBXResourcesBuildPhase section */

/* Begin PBXShellScriptBuildPhase section */
		1717310C1960B1F3B7E2683C /* [CP] Embed Pods Frameworks */ = {
			isa = PBXShellScriptBuildPhase;
			buildActionMask = 2147483647;
			files = (
			);
			inputFileListPaths = (
				"${PODS_ROOT}/Target Support Files/Pods-timeLine/Pods-timeLine-frameworks-${CONFIGURATION}-input-files.xcfilelist",
			);
			name = "[CP] Embed Pods Frameworks";
			outputFileListPaths = (
				"${PODS_ROOT}/Target Support Files/Pods-timeLine/Pods-timeLine-frameworks-${CONFIGURATION}-output-files.xcfilelist",
			);
			runOnlyForDeploymentPostprocessing = 0;
			shellPath = /bin/sh;
			shellScript = "\"${PODS_ROOT}/Target Support Files/Pods-timeLine/Pods-timeLine-frameworks.sh\"\n";
			showEnvVarsInLog = 0;
		};
		3774B49808B07D4FAAD7BA32 /* [CP] Check Pods Manifest.lock */ = {
			isa = PBXShellScriptBuildPhase;
			buildActionMask = 2147483647;
			files = (
			);
			inputFileListPaths = (
			);
			inputPaths = (
				"${PODS_PODFILE_DIR_PATH}/Podfile.lock",
				"${PODS_ROOT}/Manifest.lock",
			);
			name = "[CP] Check Pods Manifest.lock";
			outputFileListPaths = (
			);
			outputPaths = (
				"$(DERIVED_FILE_DIR)/Pods-timeLine-checkManifestLockResult.txt",
			);
			runOnlyForDeploymentPostprocessing = 0;
			shellPath = /bin/sh;
			shellScript = "diff \"${PODS_PODFILE_DIR_PATH}/Podfile.lock\" \"${PODS_ROOT}/Manifest.lock\" > /dev/null\nif [ $? != 0 ] ; then\n    # print error to STDERR\n    echo \"error: The sandbox is not in sync with the Podfile.lock. Run 'pod install' or update your CocoaPods installation.\" >&2\n    exit 1\nfi\n# This output is used by Xcode 'outputs' to avoid re-running this script phase.\necho \"SUCCESS\" > \"${SCRIPT_OUTPUT_FILE_0}\"\n";
			showEnvVarsInLog = 0;
		};
/* End PBXShellScriptBuildPhase section */

/* Begin PBXSourcesBuildPhase section */
		424E115D251466D10090387F /* Sources */ = {
			isa = PBXSourcesBuildPhase;
			buildActionMask = 2147483647;
			files = (
				424E11B425149FFE0090387F /* CCTableWrapper.swift in Sources */,
				424E1169251466D20090387F /* MainController.swift in Sources */,
				424E119E251482ED0090387F /* CCNaviView.swift in Sources */,
				42DC3C90251889C5005097CF /* Api.swift in Sources */,
				424E11B225149F980090387F /* CCTableController.swift in Sources */,
				42DC3C992518945A005097CF /* TimeLineApi.swift in Sources */,
				424E11AA251498100090387F /* UILabel+.swift in Sources */,
				42DC3CA525189ADA005097CF /* TimeLineModel.swift in Sources */,
				424E11A825148D990090387F /* CCViewControllerWrapper.swift in Sources */,
				42321313255A42CD00131500 /* TimeLineViewModel.swift in Sources */,
				424E11A2251484350090387F /* CCView.swift in Sources */,
				424E1165251466D10090387F /* AppDelegate.swift in Sources */,
				424E11AC251498910090387F /* CCButton.swift in Sources */,
				424E11A0251483360090387F /* CCDevice.swift in Sources */,
				424E11A6251487C90090387F /* UIView+Frame.swift in Sources */,
				424E119C251482190090387F /* CCViewController.swift in Sources */,
				424E11B62514A03C0090387F /* CCItem.swift in Sources */,
				424E11B025149D130090387F /* CCTableView.swift in Sources */,
				424E11BA2514A2950090387F /* CCTableReusableView.swift in Sources */,
				424E11AE25149CA80090387F /* TimeLineController.swift in Sources */,
				424E11A42514855F0090387F /* CCHelper.swift in Sources */,
				424E11B82514A0EF0090387F /* CCTableViewCell.swift in Sources */,
			);
			runOnlyForDeploymentPostprocessing = 0;
		};
/* End PBXSourcesBuildPhase section */

/* Begin PBXVariantGroup section */
		424E116A251466D20090387F /* Main.storyboard */ = {
			isa = PBXVariantGroup;
			children = (
				424E116B251466D20090387F /* Base */,
			);
			name = Main.storyboard;
			sourceTree = "<group>";
		};
		424E116F251466DC0090387F /* LaunchScreen.storyboard */ = {
			isa = PBXVariantGroup;
			children = (
				424E1170251466DC0090387F /* Base */,
			);
			name = LaunchScreen.storyboard;
			sourceTree = "<group>";
		};
/* End PBXVariantGroup section */

/* Begin XCBuildConfiguration section */
		424E1189251466DC0090387F /* Debug */ = {
			isa = XCBuildConfiguration;
			buildSettings = {
				ALWAYS_SEARCH_USER_PATHS = NO;
				CLANG_ANALYZER_NONNULL = YES;
				CLANG_ANALYZER_NUMBER_OBJECT_CONVERSION = YES_AGGRESSIVE;
				CLANG_CXX_LANGUAGE_STANDARD = "gnu++14";
				CLANG_CXX_LIBRARY = "libc++";
				CLANG_ENABLE_MODULES = YES;
				CLANG_ENABLE_OBJC_ARC = YES;
				CLANG_ENABLE_OBJC_WEAK = YES;
				CLANG_WARN_BLOCK_CAPTURE_AUTORELEASING = YES;
				CLANG_WARN_BOOL_CONVERSION = YES;
				CLANG_WARN_COMMA = YES;
				CLANG_WARN_CONSTANT_CONVERSION = YES;
				CLANG_WARN_DEPRECATED_OBJC_IMPLEMENTATIONS = YES;
				CLANG_WARN_DIRECT_OBJC_ISA_USAGE = YES_ERROR;
				CLANG_WARN_DOCUMENTATION_COMMENTS = YES;
				CLANG_WARN_EMPTY_BODY = YES;
				CLANG_WARN_ENUM_CONVERSION = YES;
				CLANG_WARN_INFINITE_RECURSION = YES;
				CLANG_WARN_INT_CONVERSION = YES;
				CLANG_WARN_NON_LITERAL_NULL_CONVERSION = YES;
				CLANG_WARN_OBJC_IMPLICIT_RETAIN_SELF = YES;
				CLANG_WARN_OBJC_LITERAL_CONVERSION = YES;
				CLANG_WARN_OBJC_ROOT_CLASS = YES_ERROR;
				CLANG_WARN_RANGE_LOOP_ANALYSIS = YES;
				CLANG_WARN_STRICT_PROTOTYPES = YES;
				CLANG_WARN_SUSPICIOUS_MOVE = YES;
				CLANG_WARN_UNGUARDED_AVAILABILITY = YES_AGGRESSIVE;
				CLANG_WARN_UNREACHABLE_CODE = YES;
				CLANG_WARN__DUPLICATE_METHOD_MATCH = YES;
				COPY_PHASE_STRIP = NO;
				DEBUG_INFORMATION_FORMAT = dwarf;
				ENABLE_STRICT_OBJC_MSGSEND = YES;
				ENABLE_TESTABILITY = YES;
				GCC_C_LANGUAGE_STANDARD = gnu11;
				GCC_DYNAMIC_NO_PIC = NO;
				GCC_NO_COMMON_BLOCKS = YES;
				GCC_OPTIMIZATION_LEVEL = 0;
				GCC_PREPROCESSOR_DEFINITIONS = (
					"DEBUG=1",
					"$(inherited)",
				);
				GCC_WARN_64_TO_32_BIT_CONVERSION = YES;
				GCC_WARN_ABOUT_RETURN_TYPE = YES_ERROR;
				GCC_WARN_UNDECLARED_SELECTOR = YES;
				GCC_WARN_UNINITIALIZED_AUTOS = YES_AGGRESSIVE;
				GCC_WARN_UNUSED_FUNCTION = YES;
				GCC_WARN_UNUSED_VARIABLE = YES;
				IPHONEOS_DEPLOYMENT_TARGET = 13.7;
				MTL_ENABLE_DEBUG_INFO = INCLUDE_SOURCE;
				MTL_FAST_MATH = YES;
				ONLY_ACTIVE_ARCH = YES;
				SDKROOT = iphoneos;
				SWIFT_ACTIVE_COMPILATION_CONDITIONS = DEBUG;
				SWIFT_OPTIMIZATION_LEVEL = "-Onone";
			};
			name = Debug;
		};
		424E118A251466DC0090387F /* Release */ = {
			isa = XCBuildConfiguration;
			buildSettings = {
				ALWAYS_SEARCH_USER_PATHS = NO;
				CLANG_ANALYZER_NONNULL = YES;
				CLANG_ANALYZER_NUMBER_OBJECT_CONVERSION = YES_AGGRESSIVE;
				CLANG_CXX_LANGUAGE_STANDARD = "gnu++14";
				CLANG_CXX_LIBRARY = "libc++";
				CLANG_ENABLE_MODULES = YES;
				CLANG_ENABLE_OBJC_ARC = YES;
				CLANG_ENABLE_OBJC_WEAK = YES;
				CLANG_WARN_BLOCK_CAPTURE_AUTORELEASING = YES;
				CLANG_WARN_BOOL_CONVERSION = YES;
				CLANG_WARN_COMMA = YES;
				CLANG_WARN_CONSTANT_CONVERSION = YES;
				CLANG_WARN_DEPRECATED_OBJC_IMPLEMENTATIONS = YES;
				CLANG_WARN_DIRECT_OBJC_ISA_USAGE = YES_ERROR;
				CLANG_WARN_DOCUMENTATION_COMMENTS = YES;
				CLANG_WARN_EMPTY_BODY = YES;
				CLANG_WARN_ENUM_CONVERSION = YES;
				CLANG_WARN_INFINITE_RECURSION = YES;
				CLANG_WARN_INT_CONVERSION = YES;
				CLANG_WARN_NON_LITERAL_NULL_CONVERSION = YES;
				CLANG_WARN_OBJC_IMPLICIT_RETAIN_SELF = YES;
				CLANG_WARN_OBJC_LITERAL_CONVERSION = YES;
				CLANG_WARN_OBJC_ROOT_CLASS = YES_ERROR;
				CLANG_WARN_RANGE_LOOP_ANALYSIS = YES;
				CLANG_WARN_STRICT_PROTOTYPES = YES;
				CLANG_WARN_SUSPICIOUS_MOVE = YES;
				CLANG_WARN_UNGUARDED_AVAILABILITY = YES_AGGRESSIVE;
				CLANG_WARN_UNREACHABLE_CODE = YES;
				CLANG_WARN__DUPLICATE_METHOD_MATCH = YES;
				COPY_PHASE_STRIP = NO;
				DEBUG_INFORMATION_FORMAT = "dwarf-with-dsym";
				ENABLE_NS_ASSERTIONS = NO;
				ENABLE_STRICT_OBJC_MSGSEND = YES;
				GCC_C_LANGUAGE_STANDARD = gnu11;
				GCC_NO_COMMON_BLOCKS = YES;
				GCC_WARN_64_TO_32_BIT_CONVERSION = YES;
				GCC_WARN_ABOUT_RETURN_TYPE = YES_ERROR;
				GCC_WARN_UNDECLARED_SELECTOR = YES;
				GCC_WARN_UNINITIALIZED_AUTOS = YES_AGGRESSIVE;
				GCC_WARN_UNUSED_FUNCTION = YES;
				GCC_WARN_UNUSED_VARIABLE = YES;
				IPHONEOS_DEPLOYMENT_TARGET = 13.7;
				MTL_ENABLE_DEBUG_INFO = NO;
				MTL_FAST_MATH = YES;
				SDKROOT = iphoneos;
				SWIFT_COMPILATION_MODE = wholemodule;
				SWIFT_OPTIMIZATION_LEVEL = "-O";
				VALIDATE_PRODUCT = YES;
			};
			name = Release;
		};
		424E118C251466DC0090387F /* Debug */ = {
			isa = XCBuildConfiguration;
			baseConfigurationReference = A37F5DA93563EC2332667414 /* Pods-timeLine.debug.xcconfig */;
			buildSettings = {
				ASSETCATALOG_COMPILER_APPICON_NAME = AppIcon;
				CODE_SIGN_STYLE = Automatic;
				DEVELOPMENT_TEAM = PV5SXRBQ9U;
				INFOPLIST_FILE = timeLine/Info.plist;
				IPHONEOS_DEPLOYMENT_TARGET = 9.0;
				LD_RUNPATH_SEARCH_PATHS = (
					"$(inherited)",
					"@executable_path/Frameworks",
				);
				PRODUCT_BUNDLE_IDENTIFIER = com.cc.;
				PRODUCT_NAME = "$(TARGET_NAME)";
				SWIFT_VERSION = 5.0;
				TARGETED_DEVICE_FAMILY = 1;
			};
			name = Debug;
		};
		424E118D251466DC0090387F /* Release */ = {
			isa = XCBuildConfiguration;
			baseConfigurationReference = EF8C11839E9ADFC9B9402F32 /* Pods-timeLine.release.xcconfig */;
			buildSettings = {
				ASSETCATALOG_COMPILER_APPICON_NAME = AppIcon;
				CODE_SIGN_STYLE = Automatic;
				DEVELOPMENT_TEAM = PV5SXRBQ9U;
				INFOPLIST_FILE = timeLine/Info.plist;
				IPHONEOS_DEPLOYMENT_TARGET = 9.0;
				LD_RUNPATH_SEARCH_PATHS = (
					"$(inherited)",
					"@executable_path/Frameworks",
				);
				PRODUCT_BUNDLE_IDENTIFIER = com.cc.;
				PRODUCT_NAME = "$(TARGET_NAME)";
				SWIFT_VERSION = 5.0;
				TARGETED_DEVICE_FAMILY = 1;
			};
			name = Release;
		};
/* End XCBuildConfiguration section */

/* Begin XCConfigurationList section */
		424E115C251466D10090387F /* Build configuration list for PBXProject "timeLine" */ = {
			isa = XCConfigurationList;
			buildConfigurations = (
				424E1189251466DC0090387F /* Debug */,
				424E118A251466DC0090387F /* Release */,
			);
			defaultConfigurationIsVisible = 0;
			defaultConfigurationName = Release;
		};
		424E118B251466DC0090387F /* Build configuration list for PBXNativeTarget "timeLine" */ = {
			isa = XCConfigurationList;
			buildConfigurations = (
				424E118C251466DC0090387F /* Debug */,
				424E118D251466DC0090387F /* Release */,
			);
			defaultConfigurationIsVisible = 0;
			defaultConfigurationName = Release;
		};
/* End XCConfigurationList section */
	};
	rootObject = 424E1159251466D10090387F /* Project object */;
}
